
Microsoft Visual Studio Solution File, Format Version 12.00
# Visual Studio Version 16
VisualStudioVersion = 16.0.29709.97
MinimumVisualStudioVersion = 10.0.40219.1
Project("{8BC9CEB8-8B4A-11D0-8D11-00A0C91BC942}") = "CryCode [ release ]", "CryCode [ release ]\CryCode [ release ].vcxproj", "{0690D270-4C6F-45D9-8096-9523D72AD03B}"
EndProject
Global
	GlobalSection(SolutionConfigurationPlatforms) = preSolution
		Debug|x64 = Debug|x64
		Debug|x86 = Debug|x86
		Release|x64 = Release|x64
		Release|x86 = Release|x86
	EndGlobalSection
	GlobalSection(ProjectConfigurationPlatforms) = postSolution
		{0690D270-4C6F-45D9-8096-9523D72AD03B}.Debug|x64.ActiveCfg = Debug|x64
		{0690D270-4C6F-45D9-8096-9523D72AD03B}.Debug|x64.Build.0 = Debug|x64
		{0690D270-4C6F-45D9-8096-9523D72AD03B}.Debug|x86.ActiveCfg = Debug|Win32
		{0690D270-4C6F-45D9-8096-9523D72AD03B}.Debug|x86.Build.0 = Debug|Win32
		{0690D270-4C6F-45D9-8096-9523D72AD03B}.Release|x64.ActiveCfg = Release|x64
		{0690D270-4C6F-45D9-8096-9523D72AD03B}.Release|x64.Build.0 = Release|x64
		{0690D270-4C6F-45D9-8096-9523D72AD03B}.Release|x86.ActiveCfg = Release|Win32
		{0690D270-4C6F-45D9-8096-9523D72AD03B}.Release|x86.Build.0 = Release|Win32
	EndGlobalSection
	GlobalSection(SolutionProperties) = preSolution
		HideSolutionNode = FALSE
	EndGlobalSection
	GlobalSection(ExtensibilityGlobals) = postSolution
		SolutionGuid = {0B9692A3-9590-41F4-8544-149A940BC491}
	EndGlobalSection
EndGlobal
